<?xml version="1.0" encoding="utf-8"?>
<Project ToolsVersion="4.0" xmlns="http://schemas.microsoft.com/developer/msbuild/2003">
  <ItemGroup>
    <Filter Include="Source Files">
      <UniqueIdentifier>{4FC737F1-C7A5-4376-A066-2A32D752A2FF}</UniqueIdentifier>
      <Extensions>cpp;c;cc;cxx;def;odl;idl;hpj;bat;asm;asmx</Extensions>
    </Filter>
    <Filter Include="Header Files">
      <UniqueIdentifier>{93995380-89BD-4b04-88EB-625FBE52EBFB}</UniqueIdentifier>
      <Extensions>h;hh;hpp;hxx;hm;inl;inc;ipp;xsd</Extensions>
    </Filter>
    <Filter Include="Resource Files">
      <UniqueIdentifier>{67DA6AB6-F800-4c08-8B7A-83BB121AAD01}</UniqueIdentifier>
      <Extensions>rc;ico;cur;bmp;dlg;rc2;rct;bin;rgs;gif;jpg;jpeg;jpe;resx;tiff;tif;png;wav;mfcribbon-ms</Extensions>
    </Filter>
  </ItemGroup>
  <ItemGroup>
    <ClInclude Include="..\compression.h">
      <Filter>Header Files</Filter>
    </ClInclude>
    <ClInclude Include="..\config.h">
      <Filter>Header Files</Filter>
    </ClInclude>
    <ClInclude Include="..\entropy.h">
      <Filter>Header Files</Filter>
    </ClInclude>
    <ClInclude Include="..\entropy_code_builder.h">
      <Filter>Header Files</Filter>
    </ClInclude>
    <ClInclude Include="..\enum.h">
      <Filter>Header Files</Filter>
    </ClInclude>
    <ClInclude Include="..\find_match_length.h">
      <Filter>Header Files</Filter>
    </ClInclude>
    <ClInclude Include="..\gipfeli.h">
      <Filter>Header Files</Filter>
    </ClInclude>
    <ClInclude Include="..\gipfeli-internal.h">
      <Filter>Header Files</Filter>
    </ClInclude>
    <ClInclude Include="..\lz77.h">
      <Filter>Header Files</Filter>
    </ClInclude>
    <ClInclude Include="..\read_bits.h">
      <Filter>Header Files</Filter>
    </ClInclude>
    <ClInclude Include="..\sinksource.h">
      <Filter>Header Files</Filter>
    </ClInclude>
    <ClInclude Include="..\stream.h">
      <Filter>Header Files</Filter>
    </ClInclude>
    <ClInclude Include="..\stubs-internal.h">
      <Filter>Header Files</Filter>
    </ClInclude>
  </ItemGroup>
  <ItemGroup>
    <ClCompile Include="..\decompress.cc">
      <Filter>Source Files</Filter>
    </ClCompile>
    <ClCompile Include="..\entropy.cc">
      <Filter>Source Files</Filter>
    </ClCompile>
    <ClCompile Include="..\entropy_code_builder.cc">
      <Filter>Source Files</Filter>
    </ClCompile>
    <ClCompile Include="..\gipfeli-internal.cc">
      <Filter>Source Files</Filter>
    </ClCompile>
    <ClCompile Include="..\lz77.cc">
      <Filter>Source Files</Filter>
    </ClCompile>
  </ItemGroup>
</Project>